
Microsoft Visual Studio Solution File, Format Version 12.00
# Visual Studio Version 17
VisualStudioVersion = 17.8.34511.84
MinimumVisualStudioVersion = 10.0.40219.1
Project("{FAE04EC0-301F-11D3-BF4B-00C04F79EFBC}") = "SynchronousTaskQueueAPI", "SynchronousTaskQueueAPI\SynchronousTaskQueueAPI.csproj", "{3BE0B246-8FC9-41F5-89D4-110F8BB79B6C}"
EndProject
Global
	GlobalSection(SolutionConfigurationPlatforms) = preSolution
		Debug|Any CPU = Debug|Any CPU
		Release|Any CPU = Release|Any CPU
	EndGlobalSection
	GlobalSection(ProjectConfigurationPlatforms) = postSolution
		{3BE0B246-8FC9-41F5-89D4-110F8BB79B6C}.Debug|Any CPU.ActiveCfg = Debug|Any CPU
		{3BE0B246-8FC9-41F5-89D4-110F8BB79B6C}.Debug|Any CPU.Build.0 = Debug|Any CPU
		{3BE0B246-8FC9-41F5-89D4-110F8BB79B6C}.Release|Any CPU.ActiveCfg = Release|Any CPU
		{3BE0B246-8FC9-41F5-89D4-110F8BB79B6C}.Release|Any CPU.Build.0 = Release|Any CPU
	EndGlobalSection
	GlobalSection(SolutionProperties) = preSolution
		HideSolutionNode = FALSE
	EndGlobalSection
	GlobalSection(ExtensibilityGlobals) = postSolution
		SolutionGuid = {57E64ADB-95EC-454B-AA19-7397B4815AAC}
	EndGlobalSection
EndGlobal
